
Microsoft Visual Studio Solution File, Format Version 12.00
# Visual Studio Version 17
VisualStudioVersion = 17.3.32929.385
MinimumVisualStudioVersion = 10.0.40219.1
Project("{FAE04EC0-301F-11D3-BF4B-00C04F79EFBC}") = "Zubna Ordinacija WPF", "Zubna Ordinacija WPF\Zubna Ordinacija WPF.csproj", "{6F3CC3B1-0D95-42A4-8562-B49CF20ECFED}"
EndProject
Project("{FAE04EC0-301F-11D3-BF4B-00C04F79EFBC}") = "SlojServisa", "SlojServisa\SlojServisa.csproj", "{D725A907-1322-4103-B6A5-2EB7DF25724D}"
EndProject
Project("{FAE04EC0-301F-11D3-BF4B-00C04F79EFBC}") = "SlojPodataka", "SlojPodataka\SlojPodataka.csproj", "{1B01C1AD-D2F8-460E-9637-3DDDC4939E76}"
EndProject
Project("{FAE04EC0-301F-11D3-BF4B-00C04F79EFBC}") = "Klase", "Klase\Klase.csproj", "{9F4F45D4-5FCE-4542-BB4D-42DA60554604}"
EndProject
Global
	GlobalSection(SolutionConfigurationPlatforms) = preSolution
		Debug|Any CPU = Debug|Any CPU
		Release|Any CPU = Release|Any CPU
	EndGlobalSection
	GlobalSection(ProjectConfigurationPlatforms) = postSolution
		{6F3CC3B1-0D95-42A4-8562-B49CF20ECFED}.Debug|Any CPU.ActiveCfg = Debug|Any CPU
		{6F3CC3B1-0D95-42A4-8562-B49CF20ECFED}.Debug|Any CPU.Build.0 = Debug|Any CPU
		{6F3CC3B1-0D95-42A4-8562-B49CF20ECFED}.Release|Any CPU.ActiveCfg = Release|Any CPU
		{6F3CC3B1-0D95-42A4-8562-B49CF20ECFED}.Release|Any CPU.Build.0 = Release|Any CPU
		{D725A907-1322-4103-B6A5-2EB7DF25724D}.Debug|Any CPU.ActiveCfg = Debug|Any CPU
		{D725A907-1322-4103-B6A5-2EB7DF25724D}.Debug|Any CPU.Build.0 = Debug|Any CPU
		{D725A907-1322-4103-B6A5-2EB7DF25724D}.Release|Any CPU.ActiveCfg = Release|Any CPU
		{D725A907-1322-4103-B6A5-2EB7DF25724D}.Release|Any CPU.Build.0 = Release|Any CPU
		{1B01C1AD-D2F8-460E-9637-3DDDC4939E76}.Debug|Any CPU.ActiveCfg = Debug|Any CPU
		{1B01C1AD-D2F8-460E-9637-3DDDC4939E76}.Debug|Any CPU.Build.0 = Debug|Any CPU
		{1B01C1AD-D2F8-460E-9637-3DDDC4939E76}.Release|Any CPU.ActiveCfg = Release|Any CPU
		{1B01C1AD-D2F8-460E-9637-3DDDC4939E76}.Release|Any CPU.Build.0 = Release|Any CPU
		{9F4F45D4-5FCE-4542-BB4D-42DA60554604}.Debug|Any CPU.ActiveCfg = Debug|Any CPU
		{9F4F45D4-5FCE-4542-BB4D-42DA60554604}.Debug|Any CPU.Build.0 = Debug|Any CPU
		{9F4F45D4-5FCE-4542-BB4D-42DA60554604}.Release|Any CPU.ActiveCfg = Release|Any CPU
		{9F4F45D4-5FCE-4542-BB4D-42DA60554604}.Release|Any CPU.Build.0 = Release|Any CPU
	EndGlobalSection
	GlobalSection(SolutionProperties) = preSolution
		HideSolutionNode = FALSE
	EndGlobalSection
	GlobalSection(ExtensibilityGlobals) = postSolution
		SolutionGuid = {D8FF1B99-64C8-4C64-81CA-B9E1A1BCC942}
	EndGlobalSection
EndGlobal
